{
  "version": 4,
  "terraform_version": "1.10.3",
  "serial": 12,
  "lineage": "bb244c66-f869-8550-536b-59bb787d5b01",
  "outputs": {},
  "resources": [
    {
      "mode": "managed",
      "type": "local_file",
      "name": "pets",
      "provider": "provider[\"registry.terraform.io/hashicorp/local\"]",
      "instances": [
        {
          "index_key": "C:\\Users\\HJCWKZ23\\GITABLE\\HASHICORP\\TERRAFORM\\MultipleRes\\cats.txt",
          "schema_version": 0,
          "attributes": {
            "content": null,
            "content_base64": "d2UgTE9WRSBwZXRzIQpNb3JlIHRleHQgdG8gYXBwZW5k",
            "content_base64sha256": "S4SZqwOb6S7fzg8YRcqN7J95p4tjP5vSwg0eaMLItb8=",
            "content_base64sha512": "0JdnFeMju8C8Ubv6iXSurCS8OlicM9lGGRxCnVDDiU5XHXSeWVlFBOJHTzUlZxbHARcK5jHrlrBKVoIEI5eMSw==",
            "content_md5": "dab2c574c007fd90f5fb4b105c2c2c19",
            "content_sha1": "9a601b70528e2f6c5c576735bcb4940b960d0278",
            "content_sha256": "4b8499ab039be92edfce0f1845ca8dec9f79a78b633f9bd2c20d1e68c2c8b5bf",
            "content_sha512": "d0976715e323bbc0bc51bbfa8974aeac24bc3a589c33d946191c429d50c3894e571d749e59594504e2474f35256716c701170ae631eb96b04a56820423978c4b",
            "directory_permission": "0777",
            "file_permission": "0777",
            "filename": "C:\\Users\\HJCWKZ23\\GITABLE\\HASHICORP\\TERRAFORM\\MultipleRes\\cats.txt",
            "id": "9a601b70528e2f6c5c576735bcb4940b960d0278",
            "sensitive_content": null,
            "source": null
          },
          "sensitive_attributes": [
            [
              {
                "type": "get_attr",
                "value": "sensitive_content"
              }
            ]
          ]
        },
        {
          "index_key": "C:\\Users\\HJCWKZ23\\GITABLE\\HASHICORP\\TERRAFORM\\MultipleRes\\dogs.txt",
          "schema_version": 0,
          "attributes": {
            "content": null,
            "content_base64": "d2UgTE9WRSBwZXRzIQpNb3JlIHRleHQgdG8gYXBwZW5k",
            "content_base64sha256": "S4SZqwOb6S7fzg8YRcqN7J95p4tjP5vSwg0eaMLItb8=",
            "content_base64sha512": "0JdnFeMju8C8Ubv6iXSurCS8OlicM9lGGRxCnVDDiU5XHXSeWVlFBOJHTzUlZxbHARcK5jHrlrBKVoIEI5eMSw==",
            "content_md5": "dab2c574c007fd90f5fb4b105c2c2c19",
            "content_sha1": "9a601b70528e2f6c5c576735bcb4940b960d0278",
            "content_sha256": "4b8499ab039be92edfce0f1845ca8dec9f79a78b633f9bd2c20d1e68c2c8b5bf",
            "content_sha512": "d0976715e323bbc0bc51bbfa8974aeac24bc3a589c33d946191c429d50c3894e571d749e59594504e2474f35256716c701170ae631eb96b04a56820423978c4b",
            "directory_permission": "0777",
            "file_permission": "0777",
            "filename": "C:\\Users\\HJCWKZ23\\GITABLE\\HASHICORP\\TERRAFORM\\MultipleRes\\dogs.txt",
            "id": "9a601b70528e2f6c5c576735bcb4940b960d0278",
            "sensitive_content": null,
            "source": null
          },
          "sensitive_attributes": [
            [
              {
                "type": "get_attr",
                "value": "sensitive_content"
              }
            ]
          ]
        },
        {
          "index_key": "C:\\Users\\HJCWKZ23\\GITABLE\\HASHICORP\\TERRAFORM\\MultipleRes\\fish.txt",
          "schema_version": 0,
          "attributes": {
            "content": null,
            "content_base64": "d2UgTE9WRSBwZXRzIQpNb3JlIHRleHQgdG8gYXBwZW5k",
            "content_base64sha256": "S4SZqwOb6S7fzg8YRcqN7J95p4tjP5vSwg0eaMLItb8=",
            "content_base64sha512": "0JdnFeMju8C8Ubv6iXSurCS8OlicM9lGGRxCnVDDiU5XHXSeWVlFBOJHTzUlZxbHARcK5jHrlrBKVoIEI5eMSw==",
            "content_md5": "dab2c574c007fd90f5fb4b105c2c2c19",
            "content_sha1": "9a601b70528e2f6c5c576735bcb4940b960d0278",
            "content_sha256": "4b8499ab039be92edfce0f1845ca8dec9f79a78b633f9bd2c20d1e68c2c8b5bf",
            "content_sha512": "d0976715e323bbc0bc51bbfa8974aeac24bc3a589c33d946191c429d50c3894e571d749e59594504e2474f35256716c701170ae631eb96b04a56820423978c4b",
            "directory_permission": "0777",
            "file_permission": "0777",
            "filename": "C:\\Users\\HJCWKZ23\\GITABLE\\HASHICORP\\TERRAFORM\\MultipleRes\\fish.txt",
            "id": "9a601b70528e2f6c5c576735bcb4940b960d0278",
            "sensitive_content": null,
            "source": null
          },
          "sensitive_attributes": [
            [
              {
                "type": "get_attr",
                "value": "sensitive_content"
              }
            ]
          ]
        },
        {
          "index_key": "C:\\Users\\HJCWKZ23\\GITABLE\\HASHICORP\\TERRAFORM\\MultipleRes\\hamster.txt",
          "schema_version": 0,
          "attributes": {
            "content": null,
            "content_base64": "d2UgTE9WRSBwZXRzIQpNb3JlIHRleHQgdG8gYXBwZW5k",
            "content_base64sha256": "S4SZqwOb6S7fzg8YRcqN7J95p4tjP5vSwg0eaMLItb8=",
            "content_base64sha512": "0JdnFeMju8C8Ubv6iXSurCS8OlicM9lGGRxCnVDDiU5XHXSeWVlFBOJHTzUlZxbHARcK5jHrlrBKVoIEI5eMSw==",
            "content_md5": "dab2c574c007fd90f5fb4b105c2c2c19",
            "content_sha1": "9a601b70528e2f6c5c576735bcb4940b960d0278",
            "content_sha256": "4b8499ab039be92edfce0f1845ca8dec9f79a78b633f9bd2c20d1e68c2c8b5bf",
            "content_sha512": "d0976715e323bbc0bc51bbfa8974aeac24bc3a589c33d946191c429d50c3894e571d749e59594504e2474f35256716c701170ae631eb96b04a56820423978c4b",
            "directory_permission": "0777",
            "file_permission": "0777",
            "filename": "C:\\Users\\HJCWKZ23\\GITABLE\\HASHICORP\\TERRAFORM\\MultipleRes\\hamster.txt",
            "id": "9a601b70528e2f6c5c576735bcb4940b960d0278",
            "sensitive_content": null,
            "source": null
          },
          "sensitive_attributes": [
            [
              {
                "type": "get_attr",
                "value": "sensitive_content"
              }
            ]
          ]
        }
      ]
    }
  ],
  "check_results": null
}
