{
  "version": 4,
  "terraform_version": "1.10.3",
  "serial": 3,
  "lineage": "326b9fca-ffa1-b846-d40e-c063439f9d4b",
  "outputs": {},
  "resources": [
    {
      "mode": "data",
      "type": "local_file",
      "name": "dog",
      "provider": "provider[\"registry.terraform.io/hashicorp/local\"]",
      "instances": [
        {
          "schema_version": 0,
          "attributes": {
            "content": "Dogs are awesome !!!",
            "content_base64": "RG9ncyBhcmUgYXdlc29tZSAhISE=",
            "content_base64sha256": "IsvAHgbGE6zR29iayJ/byXRPjGDKaQCIBlY/yxXV028=",
            "content_base64sha512": "zkMtCthrEhkmcBSmHljzLa6h6pDXrXA72uykiDk7Wa0giJaEaGoLfy2/EcubkglXNQstqwNWtCI9G6TzQmMUSg==",
            "content_md5": "cc1f3b116610a683b7714fccaff17314",
            "content_sha1": "760667b89e51354cc605bbf023c6d7d3e42a7e03",
            "content_sha256": "22cbc01e06c613acd1dbd89ac89fdbc9744f8c60ca69008806563fcb15d5d36f",
            "content_sha512": "ce432d0ad86b1219267014a61e58f32daea1ea90d7ad703bdaeca488393b59ad20889684686a0b7f2dbf11cb9b920957350b2dab0356b4223d1ba4f34263144a",
            "filename": "C:\\Users\\HJCWKZ23\\GITABLE\\HASHICORP\\TERRAFORM\\DataSource\\dog.txt",
            "id": "760667b89e51354cc605bbf023c6d7d3e42a7e03"
          },
          "sensitive_attributes": []
        }
      ]
    },
    {
      "mode": "managed",
      "type": "local_file",
      "name": "pet",
      "provider": "provider[\"registry.terraform.io/hashicorp/local\"]",
      "instances": [
        {
          "schema_version": 0,
          "attributes": {
            "content": "Dogs are awesome !!!",
            "content_base64": null,
            "content_base64sha256": "IsvAHgbGE6zR29iayJ/byXRPjGDKaQCIBlY/yxXV028=",
            "content_base64sha512": "zkMtCthrEhkmcBSmHljzLa6h6pDXrXA72uykiDk7Wa0giJaEaGoLfy2/EcubkglXNQstqwNWtCI9G6TzQmMUSg==",
            "content_md5": "cc1f3b116610a683b7714fccaff17314",
            "content_sha1": "760667b89e51354cc605bbf023c6d7d3e42a7e03",
            "content_sha256": "22cbc01e06c613acd1dbd89ac89fdbc9744f8c60ca69008806563fcb15d5d36f",
            "content_sha512": "ce432d0ad86b1219267014a61e58f32daea1ea90d7ad703bdaeca488393b59ad20889684686a0b7f2dbf11cb9b920957350b2dab0356b4223d1ba4f34263144a",
            "directory_permission": "0777",
            "file_permission": "0777",
            "filename": "C:\\Users\\HJCWKZ23\\GITABLE\\HASHICORP\\TERRAFORM\\DataSource\\pet.txt",
            "id": "760667b89e51354cc605bbf023c6d7d3e42a7e03",
            "sensitive_content": null,
            "source": null
          },
          "sensitive_attributes": [
            [
              {
                "type": "get_attr",
                "value": "sensitive_content"
              }
            ]
          ],
          "dependencies": [
            "data.local_file.dog"
          ]
        }
      ]
    }
  ],
  "check_results": null
}
